
Microsoft Visual Studio Solution File, Format Version 12.00
# Visual Studio Version 17
VisualStudioVersion = 17.4.33205.214
MinimumVisualStudioVersion = 10.0.40219.1
Project("{8BC9CEB8-8B4A-11D0-8D11-00A0C91BC942}") = "tank-1990", "tank-1990.vcxproj", "{D546E8D9-C857-49A1-9BFF-F86F51572C4F}"
EndProject
Project("{8BC9CEB8-8B4A-11D0-8D11-00A0C91BC942}") = "app_state", "..\app_state\app_state.vcxproj", "{86651338-459C-4282-BE89-8D2618069A76}"
EndProject
Project("{8BC9CEB8-8B4A-11D0-8D11-00A0C91BC942}") = "engine", "..\engine\engine.vcxproj", "{367E17C0-478B-4E93-99DA-06B24727637E}"
EndProject
Project("{8BC9CEB8-8B4A-11D0-8D11-00A0C91BC942}") = "objects", "..\objects\objects.vcxproj", "{0EEBAE2F-CBA9-4996-A7EA-8358B66D2899}"
EndProject
Global
	GlobalSection(SolutionConfigurationPlatforms) = preSolution
		Debug|x64 = Debug|x64
		Debug|x86 = Debug|x86
		Release|x64 = Release|x64
		Release|x86 = Release|x86
	EndGlobalSection
	GlobalSection(ProjectConfigurationPlatforms) = postSolution
		{D546E8D9-C857-49A1-9BFF-F86F51572C4F}.Debug|x64.ActiveCfg = Debug|x64
		{D546E8D9-C857-49A1-9BFF-F86F51572C4F}.Debug|x64.Build.0 = Debug|x64
		{D546E8D9-C857-49A1-9BFF-F86F51572C4F}.Debug|x86.ActiveCfg = Debug|Win32
		{D546E8D9-C857-49A1-9BFF-F86F51572C4F}.Debug|x86.Build.0 = Debug|Win32
		{D546E8D9-C857-49A1-9BFF-F86F51572C4F}.Release|x64.ActiveCfg = Release|x64
		{D546E8D9-C857-49A1-9BFF-F86F51572C4F}.Release|x64.Build.0 = Release|x64
		{D546E8D9-C857-49A1-9BFF-F86F51572C4F}.Release|x86.ActiveCfg = Release|Win32
		{D546E8D9-C857-49A1-9BFF-F86F51572C4F}.Release|x86.Build.0 = Release|Win32
		{86651338-459C-4282-BE89-8D2618069A76}.Debug|x64.ActiveCfg = Debug|x64
		{86651338-459C-4282-BE89-8D2618069A76}.Debug|x64.Build.0 = Debug|x64
		{86651338-459C-4282-BE89-8D2618069A76}.Debug|x86.ActiveCfg = Debug|Win32
		{86651338-459C-4282-BE89-8D2618069A76}.Debug|x86.Build.0 = Debug|Win32
		{86651338-459C-4282-BE89-8D2618069A76}.Release|x64.ActiveCfg = Release|x64
		{86651338-459C-4282-BE89-8D2618069A76}.Release|x64.Build.0 = Release|x64
		{86651338-459C-4282-BE89-8D2618069A76}.Release|x86.ActiveCfg = Release|Win32
		{86651338-459C-4282-BE89-8D2618069A76}.Release|x86.Build.0 = Release|Win32
		{367E17C0-478B-4E93-99DA-06B24727637E}.Debug|x64.ActiveCfg = Debug|x64
		{367E17C0-478B-4E93-99DA-06B24727637E}.Debug|x64.Build.0 = Debug|x64
		{367E17C0-478B-4E93-99DA-06B24727637E}.Debug|x86.ActiveCfg = Debug|Win32
		{367E17C0-478B-4E93-99DA-06B24727637E}.Debug|x86.Build.0 = Debug|Win32
		{367E17C0-478B-4E93-99DA-06B24727637E}.Release|x64.ActiveCfg = Release|x64
		{367E17C0-478B-4E93-99DA-06B24727637E}.Release|x64.Build.0 = Release|x64
		{367E17C0-478B-4E93-99DA-06B24727637E}.Release|x86.ActiveCfg = Release|Win32
		{367E17C0-478B-4E93-99DA-06B24727637E}.Release|x86.Build.0 = Release|Win32
		{0EEBAE2F-CBA9-4996-A7EA-8358B66D2899}.Debug|x64.ActiveCfg = Debug|x64
		{0EEBAE2F-CBA9-4996-A7EA-8358B66D2899}.Debug|x64.Build.0 = Debug|x64
		{0EEBAE2F-CBA9-4996-A7EA-8358B66D2899}.Debug|x86.ActiveCfg = Debug|Win32
		{0EEBAE2F-CBA9-4996-A7EA-8358B66D2899}.Debug|x86.Build.0 = Debug|Win32
		{0EEBAE2F-CBA9-4996-A7EA-8358B66D2899}.Release|x64.ActiveCfg = Release|x64
		{0EEBAE2F-CBA9-4996-A7EA-8358B66D2899}.Release|x64.Build.0 = Release|x64
		{0EEBAE2F-CBA9-4996-A7EA-8358B66D2899}.Release|x86.ActiveCfg = Release|Win32
		{0EEBAE2F-CBA9-4996-A7EA-8358B66D2899}.Release|x86.Build.0 = Release|Win32
	EndGlobalSection
	GlobalSection(SolutionProperties) = preSolution
		HideSolutionNode = FALSE
	EndGlobalSection
	GlobalSection(ExtensibilityGlobals) = postSolution
		SolutionGuid = {FB443D26-9191-45CE-9A37-1D83FC77D8F5}
	EndGlobalSection
EndGlobal
